
Microsoft Visual Studio Solution File, Format Version 12.00
# Visual Studio Version 16
VisualStudioVersion = 16.0.29905.134
MinimumVisualStudioVersion = 10.0.40219.1
Project("{2150E333-8FDC-42A3-9474-1A3956D46DE8}") = "5) Appliance", "5) Appliance", "{EC73B0AE-A665-4C9A-944C-995FA58E98E2}"
EndProject
Project("{2150E333-8FDC-42A3-9474-1A3956D46DE8}") = "8) Test", "8) Test", "{35B0280C-41A5-4C55-9218-CC65C6E8740D}"
EndProject
Project("{9A19103F-16F7-4668-BE54-9A1E7A4F7556}") = "Common", "src\BFV.Common\Common.csproj", "{C32B74CD-8CEE-4B38-A009-B07F6F451799}"
EndProject
Project("{2150E333-8FDC-42A3-9474-1A3956D46DE8}") = "7) Common", "7) Common", "{C327164F-B5DC-4F4E-B214-5A0D5202DD20}"
EndProject
Project("{9A19103F-16F7-4668-BE54-9A1E7A4F7556}") = "Components", "src\BFV.Components\Components.csproj", "{DFCFBB74-846E-4FFB-999D-BB701DCF1F13}"
EndProject
Project("{FAE04EC0-301F-11D3-BF4B-00C04F79EFBC}") = "Test.Components", "test\BFV.Test.Components\Test.Components.csproj", "{E2CC0F6C-700D-4279-A2D7-09F81EFD3DE2}"
EndProject
Project("{2150E333-8FDC-42A3-9474-1A3956D46DE8}") = "3) Clients", "3) Clients", "{C73454CD-3BB1-4C28-BF5B-E722F268A8D1}"
EndProject
Project("{9A19103F-16F7-4668-BE54-9A1E7A4F7556}") = "Simulation.WorkerService", "src\BFV.Simulation.WorkerService\Simulation.WorkerService.csproj", "{D9D0A41D-4DB2-497D-A40B-784A1E8A591C}"
EndProject
Project("{9A19103F-16F7-4668-BE54-9A1E7A4F7556}") = "Services", "src\BFV.Services\Services.csproj", "{AB1F7EAA-1F08-4CC4-8E7C-F2C9275F593D}"
EndProject
Global
	GlobalSection(SolutionConfigurationPlatforms) = preSolution
		Debug|Any CPU = Debug|Any CPU
		Release|Any CPU = Release|Any CPU
	EndGlobalSection
	GlobalSection(ProjectConfigurationPlatforms) = postSolution
		{C32B74CD-8CEE-4B38-A009-B07F6F451799}.Debug|Any CPU.ActiveCfg = Debug|Any CPU
		{C32B74CD-8CEE-4B38-A009-B07F6F451799}.Debug|Any CPU.Build.0 = Debug|Any CPU
		{C32B74CD-8CEE-4B38-A009-B07F6F451799}.Release|Any CPU.ActiveCfg = Release|Any CPU
		{C32B74CD-8CEE-4B38-A009-B07F6F451799}.Release|Any CPU.Build.0 = Release|Any CPU
		{DFCFBB74-846E-4FFB-999D-BB701DCF1F13}.Debug|Any CPU.ActiveCfg = Debug|Any CPU
		{DFCFBB74-846E-4FFB-999D-BB701DCF1F13}.Debug|Any CPU.Build.0 = Debug|Any CPU
		{DFCFBB74-846E-4FFB-999D-BB701DCF1F13}.Release|Any CPU.ActiveCfg = Release|Any CPU
		{DFCFBB74-846E-4FFB-999D-BB701DCF1F13}.Release|Any CPU.Build.0 = Release|Any CPU
		{E2CC0F6C-700D-4279-A2D7-09F81EFD3DE2}.Debug|Any CPU.ActiveCfg = Debug|Any CPU
		{E2CC0F6C-700D-4279-A2D7-09F81EFD3DE2}.Debug|Any CPU.Build.0 = Debug|Any CPU
		{E2CC0F6C-700D-4279-A2D7-09F81EFD3DE2}.Release|Any CPU.ActiveCfg = Release|Any CPU
		{E2CC0F6C-700D-4279-A2D7-09F81EFD3DE2}.Release|Any CPU.Build.0 = Release|Any CPU
		{D9D0A41D-4DB2-497D-A40B-784A1E8A591C}.Debug|Any CPU.ActiveCfg = Debug|Any CPU
		{D9D0A41D-4DB2-497D-A40B-784A1E8A591C}.Debug|Any CPU.Build.0 = Debug|Any CPU
		{D9D0A41D-4DB2-497D-A40B-784A1E8A591C}.Release|Any CPU.ActiveCfg = Release|Any CPU
		{D9D0A41D-4DB2-497D-A40B-784A1E8A591C}.Release|Any CPU.Build.0 = Release|Any CPU
		{AB1F7EAA-1F08-4CC4-8E7C-F2C9275F593D}.Debug|Any CPU.ActiveCfg = Debug|Any CPU
		{AB1F7EAA-1F08-4CC4-8E7C-F2C9275F593D}.Debug|Any CPU.Build.0 = Debug|Any CPU
		{AB1F7EAA-1F08-4CC4-8E7C-F2C9275F593D}.Release|Any CPU.ActiveCfg = Release|Any CPU
		{AB1F7EAA-1F08-4CC4-8E7C-F2C9275F593D}.Release|Any CPU.Build.0 = Release|Any CPU
	EndGlobalSection
	GlobalSection(SolutionProperties) = preSolution
		HideSolutionNode = FALSE
	EndGlobalSection
	GlobalSection(NestedProjects) = preSolution
		{C32B74CD-8CEE-4B38-A009-B07F6F451799} = {C327164F-B5DC-4F4E-B214-5A0D5202DD20}
		{DFCFBB74-846E-4FFB-999D-BB701DCF1F13} = {EC73B0AE-A665-4C9A-944C-995FA58E98E2}
		{E2CC0F6C-700D-4279-A2D7-09F81EFD3DE2} = {35B0280C-41A5-4C55-9218-CC65C6E8740D}
		{D9D0A41D-4DB2-497D-A40B-784A1E8A591C} = {C73454CD-3BB1-4C28-BF5B-E722F268A8D1}
		{AB1F7EAA-1F08-4CC4-8E7C-F2C9275F593D} = {EC73B0AE-A665-4C9A-944C-995FA58E98E2}
	EndGlobalSection
	GlobalSection(ExtensibilityGlobals) = postSolution
		SolutionGuid = {27C43816-EAB8-4C62-9335-C1C1F537B739}
	EndGlobalSection
EndGlobal
